
Microsoft Visual Studio Solution File, Format Version 12.00
# Visual Studio Version 16
VisualStudioVersion = 16.0.29905.134
MinimumVisualStudioVersion = 10.0.40219.1
Project("{FAE04EC0-301F-11D3-BF4B-00C04F79EFBC}") = "ExpenseAnalysis.UWP", "ExpenseAnalysis\ExpenseAnalysis.UWP\ExpenseAnalysis.UWP.csproj", "{1F6CA295-8CA5-46C8-A517-2A82542FA68E}"
EndProject
Project("{FAE04EC0-301F-11D3-BF4B-00C04F79EFBC}") = "ExpenseAnalysis.Android", "ExpenseAnalysis\ExpenseAnalysis.Android\ExpenseAnalysis.Android.csproj", "{C4185D37-5D2B-466C-8813-864D769E36BF}"
EndProject
Project("{FAE04EC0-301F-11D3-BF4B-00C04F79EFBC}") = "ExpenseAnalysis.iOS", "ExpenseAnalysis\ExpenseAnalysis.iOS\ExpenseAnalysis.iOS.csproj", "{B29CD2A1-AB54-4F9C-8047-C8028C98BD49}"
EndProject
Project("{FAE04EC0-301F-11D3-BF4B-00C04F79EFBC}") = "ExpenseAnalysis", "ExpenseAnalysis\ExpenseAnalysis\ExpenseAnalysis.csproj", "{493F897F-E5B7-426D-A678-4A55AFCBDBA8}"
EndProject
Global
	GlobalSection(SolutionConfigurationPlatforms) = preSolution
		Debug|Any CPU = Debug|Any CPU
		Debug|ARM = Debug|ARM
		Debug|iPhone = Debug|iPhone
		Debug|iPhoneSimulator = Debug|iPhoneSimulator
		Debug|x64 = Debug|x64
		Debug|x86 = Debug|x86
		Release|Any CPU = Release|Any CPU
		Release|ARM = Release|ARM
		Release|iPhone = Release|iPhone
		Release|iPhoneSimulator = Release|iPhoneSimulator
		Release|x64 = Release|x64
		Release|x86 = Release|x86
	EndGlobalSection
	GlobalSection(ProjectConfigurationPlatforms) = postSolution
		{1F6CA295-8CA5-46C8-A517-2A82542FA68E}.Debug|Any CPU.ActiveCfg = Debug|x86
		{1F6CA295-8CA5-46C8-A517-2A82542FA68E}.Debug|Any CPU.Build.0 = Debug|x86
		{1F6CA295-8CA5-46C8-A517-2A82542FA68E}.Debug|Any CPU.Deploy.0 = Debug|x86
		{1F6CA295-8CA5-46C8-A517-2A82542FA68E}.Debug|ARM.ActiveCfg = Debug|ARM
		{1F6CA295-8CA5-46C8-A517-2A82542FA68E}.Debug|ARM.Build.0 = Debug|ARM
		{1F6CA295-8CA5-46C8-A517-2A82542FA68E}.Debug|ARM.Deploy.0 = Debug|ARM
		{1F6CA295-8CA5-46C8-A517-2A82542FA68E}.Debug|iPhone.ActiveCfg = Debug|x86
		{1F6CA295-8CA5-46C8-A517-2A82542FA68E}.Debug|iPhone.Build.0 = Debug|x86
		{1F6CA295-8CA5-46C8-A517-2A82542FA68E}.Debug|iPhone.Deploy.0 = Debug|x86
		{1F6CA295-8CA5-46C8-A517-2A82542FA68E}.Debug|iPhoneSimulator.ActiveCfg = Debug|x86
		{1F6CA295-8CA5-46C8-A517-2A82542FA68E}.Debug|iPhoneSimulator.Build.0 = Debug|x86
		{1F6CA295-8CA5-46C8-A517-2A82542FA68E}.Debug|iPhoneSimulator.Deploy.0 = Debug|x86
		{1F6CA295-8CA5-46C8-A517-2A82542FA68E}.Debug|x64.ActiveCfg = Debug|x64
		{1F6CA295-8CA5-46C8-A517-2A82542FA68E}.Debug|x64.Build.0 = Debug|x64
		{1F6CA295-8CA5-46C8-A517-2A82542FA68E}.Debug|x64.Deploy.0 = Debug|x64
		{1F6CA295-8CA5-46C8-A517-2A82542FA68E}.Debug|x86.ActiveCfg = Debug|x86
		{1F6CA295-8CA5-46C8-A517-2A82542FA68E}.Debug|x86.Build.0 = Debug|x86
		{1F6CA295-8CA5-46C8-A517-2A82542FA68E}.Debug|x86.Deploy.0 = Debug|x86
		{1F6CA295-8CA5-46C8-A517-2A82542FA68E}.Release|Any CPU.ActiveCfg = Release|x86
		{1F6CA295-8CA5-46C8-A517-2A82542FA68E}.Release|Any CPU.Build.0 = Release|x86
		{1F6CA295-8CA5-46C8-A517-2A82542FA68E}.Release|Any CPU.Deploy.0 = Release|x86
		{1F6CA295-8CA5-46C8-A517-2A82542FA68E}.Release|ARM.ActiveCfg = Release|ARM
		{1F6CA295-8CA5-46C8-A517-2A82542FA68E}.Release|ARM.Build.0 = Release|ARM
		{1F6CA295-8CA5-46C8-A517-2A82542FA68E}.Release|ARM.Deploy.0 = Release|ARM
		{1F6CA295-8CA5-46C8-A517-2A82542FA68E}.Release|iPhone.ActiveCfg = Release|x86
		{1F6CA295-8CA5-46C8-A517-2A82542FA68E}.Release|iPhone.Build.0 = Release|x86
		{1F6CA295-8CA5-46C8-A517-2A82542FA68E}.Release|iPhone.Deploy.0 = Release|x86
		{1F6CA295-8CA5-46C8-A517-2A82542FA68E}.Release|iPhoneSimulator.ActiveCfg = Release|x86
		{1F6CA295-8CA5-46C8-A517-2A82542FA68E}.Release|iPhoneSimulator.Build.0 = Release|x86
		{1F6CA295-8CA5-46C8-A517-2A82542FA68E}.Release|iPhoneSimulator.Deploy.0 = Release|x86
		{1F6CA295-8CA5-46C8-A517-2A82542FA68E}.Release|x64.ActiveCfg = Release|x64
		{1F6CA295-8CA5-46C8-A517-2A82542FA68E}.Release|x64.Build.0 = Release|x64
		{1F6CA295-8CA5-46C8-A517-2A82542FA68E}.Release|x64.Deploy.0 = Release|x64
		{1F6CA295-8CA5-46C8-A517-2A82542FA68E}.Release|x86.ActiveCfg = Release|x86
		{1F6CA295-8CA5-46C8-A517-2A82542FA68E}.Release|x86.Build.0 = Release|x86
		{1F6CA295-8CA5-46C8-A517-2A82542FA68E}.Release|x86.Deploy.0 = Release|x86
		{C4185D37-5D2B-466C-8813-864D769E36BF}.Debug|Any CPU.ActiveCfg = Debug|Any CPU
		{C4185D37-5D2B-466C-8813-864D769E36BF}.Debug|Any CPU.Build.0 = Debug|Any CPU
		{C4185D37-5D2B-466C-8813-864D769E36BF}.Debug|Any CPU.Deploy.0 = Debug|Any CPU
		{C4185D37-5D2B-466C-8813-864D769E36BF}.Debug|ARM.ActiveCfg = Debug|Any CPU
		{C4185D37-5D2B-466C-8813-864D769E36BF}.Debug|ARM.Build.0 = Debug|Any CPU
		{C4185D37-5D2B-466C-8813-864D769E36BF}.Debug|ARM.Deploy.0 = Debug|Any CPU
		{C4185D37-5D2B-466C-8813-864D769E36BF}.Debug|iPhone.ActiveCfg = Debug|Any CPU
		{C4185D37-5D2B-466C-8813-864D769E36BF}.Debug|iPhone.Build.0 = Debug|Any CPU
		{C4185D37-5D2B-466C-8813-864D769E36BF}.Debug|iPhone.Deploy.0 = Debug|Any CPU
		{C4185D37-5D2B-466C-8813-864D769E36BF}.Debug|iPhoneSimulator.ActiveCfg = Debug|Any CPU
		{C4185D37-5D2B-466C-8813-864D769E36BF}.Debug|iPhoneSimulator.Build.0 = Debug|Any CPU
		{C4185D37-5D2B-466C-8813-864D769E36BF}.Debug|iPhoneSimulator.Deploy.0 = Debug|Any CPU
		{C4185D37-5D2B-466C-8813-864D769E36BF}.Debug|x64.ActiveCfg = Debug|Any CPU
		{C4185D37-5D2B-466C-8813-864D769E36BF}.Debug|x64.Build.0 = Debug|Any CPU
		{C4185D37-5D2B-466C-8813-864D769E36BF}.Debug|x64.Deploy.0 = Debug|Any CPU
		{C4185D37-5D2B-466C-8813-864D769E36BF}.Debug|x86.ActiveCfg = Debug|Any CPU
		{C4185D37-5D2B-466C-8813-864D769E36BF}.Debug|x86.Build.0 = Debug|Any CPU
		{C4185D37-5D2B-466C-8813-864D769E36BF}.Debug|x86.Deploy.0 = Debug|Any CPU
		{C4185D37-5D2B-466C-8813-864D769E36BF}.Release|Any CPU.ActiveCfg = Release|Any CPU
		{C4185D37-5D2B-466C-8813-864D769E36BF}.Release|Any CPU.Build.0 = Release|Any CPU
		{C4185D37-5D2B-466C-8813-864D769E36BF}.Release|Any CPU.Deploy.0 = Release|Any CPU
		{C4185D37-5D2B-466C-8813-864D769E36BF}.Release|ARM.ActiveCfg = Release|Any CPU
		{C4185D37-5D2B-466C-8813-864D769E36BF}.Release|ARM.Build.0 = Release|Any CPU
		{C4185D37-5D2B-466C-8813-864D769E36BF}.Release|ARM.Deploy.0 = Release|Any CPU
		{C4185D37-5D2B-466C-8813-864D769E36BF}.Release|iPhone.ActiveCfg = Release|Any CPU
		{C4185D37-5D2B-466C-8813-864D769E36BF}.Release|iPhone.Build.0 = Release|Any CPU
		{C4185D37-5D2B-466C-8813-864D769E36BF}.Release|iPhone.Deploy.0 = Release|Any CPU
		{C4185D37-5D2B-466C-8813-864D769E36BF}.Release|iPhoneSimulator.ActiveCfg = Release|Any CPU
		{C4185D37-5D2B-466C-8813-864D769E36BF}.Release|iPhoneSimulator.Build.0 = Release|Any CPU
		{C4185D37-5D2B-466C-8813-864D769E36BF}.Release|iPhoneSimulator.Deploy.0 = Release|Any CPU
		{C4185D37-5D2B-466C-8813-864D769E36BF}.Release|x64.ActiveCfg = Release|Any CPU
		{C4185D37-5D2B-466C-8813-864D769E36BF}.Release|x64.Build.0 = Release|Any CPU
		{C4185D37-5D2B-466C-8813-864D769E36BF}.Release|x64.Deploy.0 = Release|Any CPU
		{C4185D37-5D2B-466C-8813-864D769E36BF}.Release|x86.ActiveCfg = Release|Any CPU
		{C4185D37-5D2B-466C-8813-864D769E36BF}.Release|x86.Build.0 = Release|Any CPU
		{C4185D37-5D2B-466C-8813-864D769E36BF}.Release|x86.Deploy.0 = Release|Any CPU
		{B29CD2A1-AB54-4F9C-8047-C8028C98BD49}.Debug|Any CPU.ActiveCfg = Debug|iPhone
		{B29CD2A1-AB54-4F9C-8047-C8028C98BD49}.Debug|Any CPU.Build.0 = Debug|iPhone
		{B29CD2A1-AB54-4F9C-8047-C8028C98BD49}.Debug|Any CPU.Deploy.0 = Debug|iPhone
		{B29CD2A1-AB54-4F9C-8047-C8028C98BD49}.Debug|ARM.ActiveCfg = Debug|iPhoneSimulator
		{B29CD2A1-AB54-4F9C-8047-C8028C98BD49}.Debug|ARM.Build.0 = Debug|iPhoneSimulator
		{B29CD2A1-AB54-4F9C-8047-C8028C98BD49}.Debug|ARM.Deploy.0 = Debug|iPhoneSimulator
		{B29CD2A1-AB54-4F9C-8047-C8028C98BD49}.Debug|iPhone.ActiveCfg = Debug|iPhone
		{B29CD2A1-AB54-4F9C-8047-C8028C98BD49}.Debug|iPhone.Build.0 = Debug|iPhone
		{B29CD2A1-AB54-4F9C-8047-C8028C98BD49}.Debug|iPhone.Deploy.0 = Debug|iPhone
		{B29CD2A1-AB54-4F9C-8047-C8028C98BD49}.Debug|iPhoneSimulator.ActiveCfg = Debug|iPhoneSimulator
		{B29CD2A1-AB54-4F9C-8047-C8028C98BD49}.Debug|iPhoneSimulator.Build.0 = Debug|iPhoneSimulator
		{B29CD2A1-AB54-4F9C-8047-C8028C98BD49}.Debug|iPhoneSimulator.Deploy.0 = Debug|iPhoneSimulator
		{B29CD2A1-AB54-4F9C-8047-C8028C98BD49}.Debug|x64.ActiveCfg = Debug|iPhone
		{B29CD2A1-AB54-4F9C-8047-C8028C98BD49}.Debug|x64.Build.0 = Debug|iPhone
		{B29CD2A1-AB54-4F9C-8047-C8028C98BD49}.Debug|x64.Deploy.0 = Debug|iPhone
		{B29CD2A1-AB54-4F9C-8047-C8028C98BD49}.Debug|x86.ActiveCfg = Debug|iPhone
		{B29CD2A1-AB54-4F9C-8047-C8028C98BD49}.Debug|x86.Build.0 = Debug|iPhone
		{B29CD2A1-AB54-4F9C-8047-C8028C98BD49}.Debug|x86.Deploy.0 = Debug|iPhone
		{B29CD2A1-AB54-4F9C-8047-C8028C98BD49}.Release|Any CPU.ActiveCfg = Release|iPhone
		{B29CD2A1-AB54-4F9C-8047-C8028C98BD49}.Release|Any CPU.Build.0 = Release|iPhone
		{B29CD2A1-AB54-4F9C-8047-C8028C98BD49}.Release|Any CPU.Deploy.0 = Release|iPhone
		{B29CD2A1-AB54-4F9C-8047-C8028C98BD49}.Release|ARM.ActiveCfg = Release|iPhone
		{B29CD2A1-AB54-4F9C-8047-C8028C98BD49}.Release|ARM.Build.0 = Release|iPhone
		{B29CD2A1-AB54-4F9C-8047-C8028C98BD49}.Release|ARM.Deploy.0 = Release|iPhone
		{B29CD2A1-AB54-4F9C-8047-C8028C98BD49}.Release|iPhone.ActiveCfg = Release|iPhone
		{B29CD2A1-AB54-4F9C-8047-C8028C98BD49}.Release|iPhone.Build.0 = Release|iPhone
		{B29CD2A1-AB54-4F9C-8047-C8028C98BD49}.Release|iPhone.Deploy.0 = Release|iPhone
		{B29CD2A1-AB54-4F9C-8047-C8028C98BD49}.Release|iPhoneSimulator.ActiveCfg = Release|iPhoneSimulator
		{B29CD2A1-AB54-4F9C-8047-C8028C98BD49}.Release|iPhoneSimulator.Build.0 = Release|iPhoneSimulator
		{B29CD2A1-AB54-4F9C-8047-C8028C98BD49}.Release|iPhoneSimulator.Deploy.0 = Release|iPhoneSimulator
		{B29CD2A1-AB54-4F9C-8047-C8028C98BD49}.Release|x64.ActiveCfg = Release|iPhone
		{B29CD2A1-AB54-4F9C-8047-C8028C98BD49}.Release|x64.Build.0 = Release|iPhone
		{B29CD2A1-AB54-4F9C-8047-C8028C98BD49}.Release|x64.Deploy.0 = Release|iPhone
		{B29CD2A1-AB54-4F9C-8047-C8028C98BD49}.Release|x86.ActiveCfg = Release|iPhone
		{B29CD2A1-AB54-4F9C-8047-C8028C98BD49}.Release|x86.Build.0 = Release|iPhone
		{B29CD2A1-AB54-4F9C-8047-C8028C98BD49}.Release|x86.Deploy.0 = Release|iPhone
		{493F897F-E5B7-426D-A678-4A55AFCBDBA8}.Debug|Any CPU.ActiveCfg = Debug|Any CPU
		{493F897F-E5B7-426D-A678-4A55AFCBDBA8}.Debug|Any CPU.Build.0 = Debug|Any CPU
		{493F897F-E5B7-426D-A678-4A55AFCBDBA8}.Debug|Any CPU.Deploy.0 = Debug|Any CPU
		{493F897F-E5B7-426D-A678-4A55AFCBDBA8}.Debug|ARM.ActiveCfg = Debug|Any CPU
		{493F897F-E5B7-426D-A678-4A55AFCBDBA8}.Debug|ARM.Build.0 = Debug|Any CPU
		{493F897F-E5B7-426D-A678-4A55AFCBDBA8}.Debug|ARM.Deploy.0 = Debug|Any CPU
		{493F897F-E5B7-426D-A678-4A55AFCBDBA8}.Debug|iPhone.ActiveCfg = Debug|Any CPU
		{493F897F-E5B7-426D-A678-4A55AFCBDBA8}.Debug|iPhone.Build.0 = Debug|Any CPU
		{493F897F-E5B7-426D-A678-4A55AFCBDBA8}.Debug|iPhone.Deploy.0 = Debug|Any CPU
		{493F897F-E5B7-426D-A678-4A55AFCBDBA8}.Debug|iPhoneSimulator.ActiveCfg = Debug|Any CPU
		{493F897F-E5B7-426D-A678-4A55AFCBDBA8}.Debug|iPhoneSimulator.Build.0 = Debug|Any CPU
		{493F897F-E5B7-426D-A678-4A55AFCBDBA8}.Debug|iPhoneSimulator.Deploy.0 = Debug|Any CPU
		{493F897F-E5B7-426D-A678-4A55AFCBDBA8}.Debug|x64.ActiveCfg = Debug|Any CPU
		{493F897F-E5B7-426D-A678-4A55AFCBDBA8}.Debug|x64.Build.0 = Debug|Any CPU
		{493F897F-E5B7-426D-A678-4A55AFCBDBA8}.Debug|x64.Deploy.0 = Debug|Any CPU
		{493F897F-E5B7-426D-A678-4A55AFCBDBA8}.Debug|x86.ActiveCfg = Debug|Any CPU
		{493F897F-E5B7-426D-A678-4A55AFCBDBA8}.Debug|x86.Build.0 = Debug|Any CPU
		{493F897F-E5B7-426D-A678-4A55AFCBDBA8}.Debug|x86.Deploy.0 = Debug|Any CPU
		{493F897F-E5B7-426D-A678-4A55AFCBDBA8}.Release|Any CPU.ActiveCfg = Release|Any CPU
		{493F897F-E5B7-426D-A678-4A55AFCBDBA8}.Release|Any CPU.Build.0 = Release|Any CPU
		{493F897F-E5B7-426D-A678-4A55AFCBDBA8}.Release|Any CPU.Deploy.0 = Release|Any CPU
		{493F897F-E5B7-426D-A678-4A55AFCBDBA8}.Release|ARM.ActiveCfg = Release|Any CPU
		{493F897F-E5B7-426D-A678-4A55AFCBDBA8}.Release|ARM.Build.0 = Release|Any CPU
		{493F897F-E5B7-426D-A678-4A55AFCBDBA8}.Release|ARM.Deploy.0 = Release|Any CPU
		{493F897F-E5B7-426D-A678-4A55AFCBDBA8}.Release|iPhone.ActiveCfg = Release|Any CPU
		{493F897F-E5B7-426D-A678-4A55AFCBDBA8}.Release|iPhone.Build.0 = Release|Any CPU
		{493F897F-E5B7-426D-A678-4A55AFCBDBA8}.Release|iPhone.Deploy.0 = Release|Any CPU
		{493F897F-E5B7-426D-A678-4A55AFCBDBA8}.Release|iPhoneSimulator.ActiveCfg = Release|Any CPU
		{493F897F-E5B7-426D-A678-4A55AFCBDBA8}.Release|iPhoneSimulator.Build.0 = Release|Any CPU
		{493F897F-E5B7-426D-A678-4A55AFCBDBA8}.Release|iPhoneSimulator.Deploy.0 = Release|Any CPU
		{493F897F-E5B7-426D-A678-4A55AFCBDBA8}.Release|x64.ActiveCfg = Release|Any CPU
		{493F897F-E5B7-426D-A678-4A55AFCBDBA8}.Release|x64.Build.0 = Release|Any CPU
		{493F897F-E5B7-426D-A678-4A55AFCBDBA8}.Release|x64.Deploy.0 = Release|Any CPU
		{493F897F-E5B7-426D-A678-4A55AFCBDBA8}.Release|x86.ActiveCfg = Release|Any CPU
		{493F897F-E5B7-426D-A678-4A55AFCBDBA8}.Release|x86.Build.0 = Release|Any CPU
		{493F897F-E5B7-426D-A678-4A55AFCBDBA8}.Release|x86.Deploy.0 = Release|Any CPU
	EndGlobalSection
	GlobalSection(SolutionProperties) = preSolution
		HideSolutionNode = FALSE
	EndGlobalSection
	GlobalSection(ExtensibilityGlobals) = postSolution
		SolutionGuid = {99D26776-BDCD-46A7-9D5E-02D13D4D5A50}
	EndGlobalSection
EndGlobal
